// !$*UTF8*$!
{
	archiveVersion = 1;
	classes = {
	};
	objectVersion = 51;
	objects = {

/* Begin PBXBuildFile section */
		7E2AC99D2320118D00221403 /* AppDelegate.swift in Sources */ = {isa = PBXBuildFile; fileRef = 7E2AC99C2320118D00221403 /* AppDelegate.swift */; };
		7E2AC99F2320118D00221403 /* WorkoutsViewController.swift in Sources */ = {isa = PBXBuildFile; fileRef = 7E2AC99E2320118D00221403 /* WorkoutsViewController.swift */; };
		7E2AC9A22320118D00221403 /* Main.storyboard in Resources */ = {isa = PBXBuildFile; fileRef = 7E2AC9A02320118D00221403 /* Main.storyboard */; };
		7E2AC9A42320118D00221403 /* Assets.xcassets in Resources */ = {isa = PBXBuildFile; fileRef = 7E2AC9A32320118D00221403 /* Assets.xcassets */; };
		7E2AC9A72320118D00221403 /* LaunchScreen.storyboard in Resources */ = {isa = PBXBuildFile; fileRef = 7E2AC9A52320118D00221403 /* LaunchScreen.storyboard */; };
		7E2AC9B22320118D00221403 /* WorkOutTrackerTests.swift in Sources */ = {isa = PBXBuildFile; fileRef = 7E2AC9B12320118D00221403 /* WorkOutTrackerTests.swift */; };
		7E2AC9BD2320118D00221403 /* WorkOutTrackerUITests.swift in Sources */ = {isa = PBXBuildFile; fileRef = 7E2AC9BC2320118D00221403 /* WorkOutTrackerUITests.swift */; };
		7E43320E2337D62000E88B13 /* ItemWorkoutViewController.swift in Sources */ = {isa = PBXBuildFile; fileRef = 7E43320D2337D62000E88B13 /* ItemWorkoutViewController.swift */; };
		7E497AAE2338051B0082AA5B /* GoogleService-Info.plist in Resources */ = {isa = PBXBuildFile; fileRef = 7E497AAD2338051B0082AA5B /* GoogleService-Info.plist */; };
		7EB077722320738E00BEA381 /* AddViewController.swift in Sources */ = {isa = PBXBuildFile; fileRef = 7EB077712320738E00BEA381 /* AddViewController.swift */; };
		7EB07774232073A300BEA381 /* HistoryViewController.swift in Sources */ = {isa = PBXBuildFile; fileRef = 7EB07773232073A300BEA381 /* HistoryViewController.swift */; };
		7EB07776232073B500BEA381 /* MapViewController.swift in Sources */ = {isa = PBXBuildFile; fileRef = 7EB07775232073B500BEA381 /* MapViewController.swift */; };
		7EBB8C98233CBAD000BCAFDE /* HomeViewController.swift in Sources */ = {isa = PBXBuildFile; fileRef = 7EBB8C97233CBAD000BCAFDE /* HomeViewController.swift */; };
		7EBB8C9A233CBADC00BCAFDE /* LoginViewController.swift in Sources */ = {isa = PBXBuildFile; fileRef = 7EBB8C99233CBADC00BCAFDE /* LoginViewController.swift */; };
		7EBB8C9C233CBAEA00BCAFDE /* RegisterViewController.swift in Sources */ = {isa = PBXBuildFile; fileRef = 7EBB8C9B233CBAEA00BCAFDE /* RegisterViewController.swift */; };
		7EBB8C9F233CC0B000BCAFDE /* Utilities.swift in Sources */ = {isa = PBXBuildFile; fileRef = 7EBB8C9E233CC0B000BCAFDE /* Utilities.swift */; };
		7EBB8CA1233CCDE700BCAFDE /* Constants.swift in Sources */ = {isa = PBXBuildFile; fileRef = 7EBB8CA0233CCDE700BCAFDE /* Constants.swift */; };
		7EFDD50323353402001D05B0 /* Workout.swift in Sources */ = {isa = PBXBuildFile; fileRef = 7EFDD50223353402001D05B0 /* Workout.swift */; };
		7EFDD5052335345A001D05B0 /* Exercise.swift in Sources */ = {isa = PBXBuildFile; fileRef = 7EFDD5042335345A001D05B0 /* Exercise.swift */; };
		7EFF29BE233CFD3600E7F35C /* DataWorkouts.swift in Sources */ = {isa = PBXBuildFile; fileRef = 7EFF29BD233CFD3600E7F35C /* DataWorkouts.swift */; };
		A8729D7DC485F2A4E4F219D4 /* Pods_WorkOutTrackerUITests.framework in Frameworks */ = {isa = PBXBuildFile; fileRef = 5649C1F7D39E1D906324A8CB /* Pods_WorkOutTrackerUITests.framework */; };
		D53BD04FD9D51D6AC2A1A1DD /* Pods_WorkOutTracker.framework in Frameworks */ = {isa = PBXBuildFile; fileRef = A22B4E4ECCBBBACFDDA82A17 /* Pods_WorkOutTracker.framework */; };
		E3A0E8A8F3BBE0E2A90C5DC5 /* Pods_WorkOutTrackerTests.framework in Frameworks */ = {isa = PBXBuildFile; fileRef = 2C82856593A7CB6A98B3F370 /* Pods_WorkOutTrackerTests.framework */; };
/* End PBXBuildFile section */

/* Begin PBXContainerItemProxy section */
		7E2AC9AE2320118D00221403 /* PBXContainerItemProxy */ = {
			isa = PBXContainerItemProxy;
			containerPortal = 7E2AC9912320118D00221403 /* Project object */;
			proxyType = 1;
			remoteGlobalIDString = 7E2AC9982320118D00221403;
			remoteInfo = WorkOutTracker;
		};
		7E2AC9B92320118D00221403 /* PBXContainerItemProxy */ = {
			isa = PBXContainerItemProxy;
			containerPortal = 7E2AC9912320118D00221403 /* Project object */;
			proxyType = 1;
			remoteGlobalIDString = 7E2AC9982320118D00221403;
			remoteInfo = WorkOutTracker;
		};
/* End PBXContainerItemProxy section */

/* Begin PBXFileReference section */
		2C82856593A7CB6A98B3F370 /* Pods_WorkOutTrackerTests.framework */ = {isa = PBXFileReference; explicitFileType = wrapper.framework; includeInIndex = 0; path = Pods_WorkOutTrackerTests.framework; sourceTree = BUILT_PRODUCTS_DIR; };
		3F133F02EE760E78EB0FE020 /* Pods-WorkOutTrackerTests.release.xcconfig */ = {isa = PBXFileReference; includeInIndex = 1; lastKnownFileType = text.xcconfig; name = "Pods-WorkOutTrackerTests.release.xcconfig"; path = "Target Support Files/Pods-WorkOutTrackerTests/Pods-WorkOutTrackerTests.release.xcconfig"; sourceTree = "<group>"; };
		477B5B9B9F812350BD9A9728 /* Pods-WorkOutTrackerUITests.debug.xcconfig */ = {isa = PBXFileReference; includeInIndex = 1; lastKnownFileType = text.xcconfig; name = "Pods-WorkOutTrackerUITests.debug.xcconfig"; path = "Target Support Files/Pods-WorkOutTrackerUITests/Pods-WorkOutTrackerUITests.debug.xcconfig"; sourceTree = "<group>"; };
		5649C1F7D39E1D906324A8CB /* Pods_WorkOutTrackerUITests.framework */ = {isa = PBXFileReference; explicitFileType = wrapper.framework; includeInIndex = 0; path = Pods_WorkOutTrackerUITests.framework; sourceTree = BUILT_PRODUCTS_DIR; };
		789C8B393D7680CA078AA8C0 /* Pods-WorkOutTrackerUITests.release.xcconfig */ = {isa = PBXFileReference; includeInIndex = 1; lastKnownFileType = text.xcconfig; name = "Pods-WorkOutTrackerUITests.release.xcconfig"; path = "Target Support Files/Pods-WorkOutTrackerUITests/Pods-WorkOutTrackerUITests.release.xcconfig"; sourceTree = "<group>"; };
		7E2AC9992320118D00221403 /* WorkOutTracker.app */ = {isa = PBXFileReference; explicitFileType = wrapper.application; includeInIndex = 0; path = WorkOutTracker.app; sourceTree = BUILT_PRODUCTS_DIR; };
		7E2AC99C2320118D00221403 /* AppDelegate.swift */ = {isa = PBXFileReference; lastKnownFileType = sourcecode.swift; path = AppDelegate.swift; sourceTree = "<group>"; };
		7E2AC99E2320118D00221403 /* WorkoutsViewController.swift */ = {isa = PBXFileReference; lastKnownFileType = sourcecode.swift; path = WorkoutsViewController.swift; sourceTree = "<group>"; };
		7E2AC9A12320118D00221403 /* Base */ = {isa = PBXFileReference; lastKnownFileType = file.storyboard; name = Base; path = Base.lproj/Main.storyboard; sourceTree = "<group>"; };
		7E2AC9A32320118D00221403 /* Assets.xcassets */ = {isa = PBXFileReference; lastKnownFileType = folder.assetcatalog; path = Assets.xcassets; sourceTree = "<group>"; };
		7E2AC9A62320118D00221403 /* Base */ = {isa = PBXFileReference; lastKnownFileType = file.storyboard; name = Base; path = Base.lproj/LaunchScreen.storyboard; sourceTree = "<group>"; };
		7E2AC9A82320118D00221403 /* Info.plist */ = {isa = PBXFileReference; lastKnownFileType = text.plist.xml; path = Info.plist; sourceTree = "<group>"; };
		7E2AC9AD2320118D00221403 /* WorkOutTrackerTests.xctest */ = {isa = PBXFileReference; explicitFileType = wrapper.cfbundle; includeInIndex = 0; path = WorkOutTrackerTests.xctest; sourceTree = BUILT_PRODUCTS_DIR; };
		7E2AC9B12320118D00221403 /* WorkOutTrackerTests.swift */ = {isa = PBXFileReference; lastKnownFileType = sourcecode.swift; path = WorkOutTrackerTests.swift; sourceTree = "<group>"; };
		7E2AC9B32320118D00221403 /* Info.plist */ = {isa = PBXFileReference; lastKnownFileType = text.plist.xml; path = Info.plist; sourceTree = "<group>"; };
		7E2AC9B82320118D00221403 /* WorkOutTrackerUITests.xctest */ = {isa = PBXFileReference; explicitFileType = wrapper.cfbundle; includeInIndex = 0; path = WorkOutTrackerUITests.xctest; sourceTree = BUILT_PRODUCTS_DIR; };
		7E2AC9BC2320118D00221403 /* WorkOutTrackerUITests.swift */ = {isa = PBXFileReference; lastKnownFileType = sourcecode.swift; path = WorkOutTrackerUITests.swift; sourceTree = "<group>"; };
		7E2AC9BE2320118D00221403 /* Info.plist */ = {isa = PBXFileReference; lastKnownFileType = text.plist.xml; path = Info.plist; sourceTree = "<group>"; };
		7E43320D2337D62000E88B13 /* ItemWorkoutViewController.swift */ = {isa = PBXFileReference; lastKnownFileType = sourcecode.swift; path = ItemWorkoutViewController.swift; sourceTree = "<group>"; };
		7E497AAD2338051B0082AA5B /* GoogleService-Info.plist */ = {isa = PBXFileReference; fileEncoding = 4; lastKnownFileType = text.plist.xml; path = "GoogleService-Info.plist"; sourceTree = "<group>"; };
		7EB077712320738E00BEA381 /* AddViewController.swift */ = {isa = PBXFileReference; lastKnownFileType = sourcecode.swift; path = AddViewController.swift; sourceTree = "<group>"; };
		7EB07773232073A300BEA381 /* HistoryViewController.swift */ = {isa = PBXFileReference; lastKnownFileType = sourcecode.swift; path = HistoryViewController.swift; sourceTree = "<group>"; };
		7EB07775232073B500BEA381 /* MapViewController.swift */ = {isa = PBXFileReference; lastKnownFileType = sourcecode.swift; path = MapViewController.swift; sourceTree = "<group>"; };
		7EBB8C97233CBAD000BCAFDE /* HomeViewController.swift */ = {isa = PBXFileReference; lastKnownFileType = sourcecode.swift; path = HomeViewController.swift; sourceTree = "<group>"; };
		7EBB8C99233CBADC00BCAFDE /* LoginViewController.swift */ = {isa = PBXFileReference; lastKnownFileType = sourcecode.swift; path = LoginViewController.swift; sourceTree = "<group>"; };
		7EBB8C9B233CBAEA00BCAFDE /* RegisterViewController.swift */ = {isa = PBXFileReference; lastKnownFileType = sourcecode.swift; path = RegisterViewController.swift; sourceTree = "<group>"; };
		7EBB8C9E233CC0B000BCAFDE /* Utilities.swift */ = {isa = PBXFileReference; fileEncoding = 4; lastKnownFileType = sourcecode.swift; path = Utilities.swift; sourceTree = "<group>"; };
		7EBB8CA0233CCDE700BCAFDE /* Constants.swift */ = {isa = PBXFileReference; lastKnownFileType = sourcecode.swift; path = Constants.swift; sourceTree = "<group>"; };
		7EFDD50223353402001D05B0 /* Workout.swift */ = {isa = PBXFileReference; lastKnownFileType = sourcecode.swift; path = Workout.swift; sourceTree = "<group>"; };
		7EFDD5042335345A001D05B0 /* Exercise.swift */ = {isa = PBXFileReference; lastKnownFileType = sourcecode.swift; path = Exercise.swift; sourceTree = "<group>"; };
		7EFF29BD233CFD3600E7F35C /* DataWorkouts.swift */ = {isa = PBXFileReference; lastKnownFileType = sourcecode.swift; path = DataWorkouts.swift; sourceTree = "<group>"; };
		A22B4E4ECCBBBACFDDA82A17 /* Pods_WorkOutTracker.framework */ = {isa = PBXFileReference; explicitFileType = wrapper.framework; includeInIndex = 0; path = Pods_WorkOutTracker.framework; sourceTree = BUILT_PRODUCTS_DIR; };
		A8CDF89C9CB01D04E556B3A6 /* Pods-WorkOutTrackerTests.debug.xcconfig */ = {isa = PBXFileReference; includeInIndex = 1; lastKnownFileType = text.xcconfig; name = "Pods-WorkOutTrackerTests.debug.xcconfig"; path = "Target Support Files/Pods-WorkOutTrackerTests/Pods-WorkOutTrackerTests.debug.xcconfig"; sourceTree = "<group>"; };
		B4C602E3B58A26741BBA15E6 /* Pods-WorkOutTracker.release.xcconfig */ = {isa = PBXFileReference; includeInIndex = 1; lastKnownFileType = text.xcconfig; name = "Pods-WorkOutTracker.release.xcconfig"; path = "Target Support Files/Pods-WorkOutTracker/Pods-WorkOutTracker.release.xcconfig"; sourceTree = "<group>"; };
		D8DEF5B6E55A2B7BAFA2D477 /* Pods-WorkOutTracker.debug.xcconfig */ = {isa = PBXFileReference; includeInIndex = 1; lastKnownFileType = text.xcconfig; name = "Pods-WorkOutTracker.debug.xcconfig"; path = "Target Support Files/Pods-WorkOutTracker/Pods-WorkOutTracker.debug.xcconfig"; sourceTree = "<group>"; };
/* End PBXFileReference section */

/* Begin PBXFrameworksBuildPhase section */
		7E2AC9962320118D00221403 /* Frameworks */ = {
			isa = PBXFrameworksBuildPhase;
			buildActionMask = 2147483647;
			files = (
				D53BD04FD9D51D6AC2A1A1DD /* Pods_WorkOutTracker.framework in Frameworks */,
			);
			runOnlyForDeploymentPostprocessing = 0;
		};
		7E2AC9AA2320118D00221403 /* Frameworks */ = {
			isa = PBXFrameworksBuildPhase;
			buildActionMask = 2147483647;
			files = (
				E3A0E8A8F3BBE0E2A90C5DC5 /* Pods_WorkOutTrackerTests.framework in Frameworks */,
			);
			runOnlyForDeploymentPostprocessing = 0;
		};
		7E2AC9B52320118D00221403 /* Frameworks */ = {
			isa = PBXFrameworksBuildPhase;
			buildActionMask = 2147483647;
			files = (
				A8729D7DC485F2A4E4F219D4 /* Pods_WorkOutTrackerUITests.framework in Frameworks */,
			);
			runOnlyForDeploymentPostprocessing = 0;
		};
/* End PBXFrameworksBuildPhase section */

/* Begin PBXGroup section */
		50E47F5439F2E438C48AE8E7 /* Pods */ = {
			isa = PBXGroup;
			children = (
				D8DEF5B6E55A2B7BAFA2D477 /* Pods-WorkOutTracker.debug.xcconfig */,
				B4C602E3B58A26741BBA15E6 /* Pods-WorkOutTracker.release.xcconfig */,
				A8CDF89C9CB01D04E556B3A6 /* Pods-WorkOutTrackerTests.debug.xcconfig */,
				3F133F02EE760E78EB0FE020 /* Pods-WorkOutTrackerTests.release.xcconfig */,
				477B5B9B9F812350BD9A9728 /* Pods-WorkOutTrackerUITests.debug.xcconfig */,
				789C8B393D7680CA078AA8C0 /* Pods-WorkOutTrackerUITests.release.xcconfig */,
			);
			path = Pods;
			sourceTree = "<group>";
		};
		7E2AC9902320118D00221403 = {
			isa = PBXGroup;
			children = (
				7E2AC99B2320118D00221403 /* WorkOutTracker */,
				7E2AC9B02320118D00221403 /* WorkOutTrackerTests */,
				7E2AC9BB2320118D00221403 /* WorkOutTrackerUITests */,
				7E2AC99A2320118D00221403 /* Products */,
				50E47F5439F2E438C48AE8E7 /* Pods */,
				FFE7CEC92199A9E4D90CCA60 /* Frameworks */,
			);
			sourceTree = "<group>";
		};
		7E2AC99A2320118D00221403 /* Products */ = {
			isa = PBXGroup;
			children = (
				7E2AC9992320118D00221403 /* WorkOutTracker.app */,
				7E2AC9AD2320118D00221403 /* WorkOutTrackerTests.xctest */,
				7E2AC9B82320118D00221403 /* WorkOutTrackerUITests.xctest */,
			);
			name = Products;
			sourceTree = "<group>";
		};
		7E2AC99B2320118D00221403 /* WorkOutTracker */ = {
			isa = PBXGroup;
			children = (
				7EFDD501233533EA001D05B0 /* Models */,
				7EFF29BC233CFD1500E7F35C /* Data */,
				7EBB8C9D233CC08800BCAFDE /* Helpers */,
				7EB077702320734D00BEA381 /* ViewController */,
				7E2AC99C2320118D00221403 /* AppDelegate.swift */,
				7E2AC9A02320118D00221403 /* Main.storyboard */,
				7E2AC9A32320118D00221403 /* Assets.xcassets */,
				7E2AC9A52320118D00221403 /* LaunchScreen.storyboard */,
				7E2AC9A82320118D00221403 /* Info.plist */,
				7E497AAD2338051B0082AA5B /* GoogleService-Info.plist */,
			);
			path = WorkOutTracker;
			sourceTree = "<group>";
		};
		7E2AC9B02320118D00221403 /* WorkOutTrackerTests */ = {
			isa = PBXGroup;
			children = (
				7E2AC9B12320118D00221403 /* WorkOutTrackerTests.swift */,
				7E2AC9B32320118D00221403 /* Info.plist */,
			);
			path = WorkOutTrackerTests;
			sourceTree = "<group>";
		};
		7E2AC9BB2320118D00221403 /* WorkOutTrackerUITests */ = {
			isa = PBXGroup;
			children = (
				7E2AC9BC2320118D00221403 /* WorkOutTrackerUITests.swift */,
				7E2AC9BE2320118D00221403 /* Info.plist */,
			);
			path = WorkOutTrackerUITests;
			sourceTree = "<group>";
		};
		7EB077702320734D00BEA381 /* ViewController */ = {
			isa = PBXGroup;
			children = (
				7EBB8C97233CBAD000BCAFDE /* HomeViewController.swift */,
				7EBB8C99233CBADC00BCAFDE /* LoginViewController.swift */,
				7EBB8C9B233CBAEA00BCAFDE /* RegisterViewController.swift */,
				7E2AC99E2320118D00221403 /* WorkoutsViewController.swift */,
				7EB077712320738E00BEA381 /* AddViewController.swift */,
				7EB07773232073A300BEA381 /* HistoryViewController.swift */,
				7EB07775232073B500BEA381 /* MapViewController.swift */,
				7E43320D2337D62000E88B13 /* ItemWorkoutViewController.swift */,
			);
			path = ViewController;
			sourceTree = "<group>";
		};
		7EBB8C9D233CC08800BCAFDE /* Helpers */ = {
			isa = PBXGroup;
			children = (
				7EBB8C9E233CC0B000BCAFDE /* Utilities.swift */,
				7EBB8CA0233CCDE700BCAFDE /* Constants.swift */,
			);
			path = Helpers;
			sourceTree = "<group>";
		};
		7EFDD501233533EA001D05B0 /* Models */ = {
			isa = PBXGroup;
			children = (
				7EFDD50223353402001D05B0 /* Workout.swift */,
				7EFDD5042335345A001D05B0 /* Exercise.swift */,
			);
			path = Models;
			sourceTree = "<group>";
		};
		7EFF29BC233CFD1500E7F35C /* Data */ = {
			isa = PBXGroup;
			children = (
				7EFF29BD233CFD3600E7F35C /* DataWorkouts.swift */,
			);
			path = Data;
			sourceTree = "<group>";
		};
		FFE7CEC92199A9E4D90CCA60 /* Frameworks */ = {
			isa = PBXGroup;
			children = (
				A22B4E4ECCBBBACFDDA82A17 /* Pods_WorkOutTracker.framework */,
				2C82856593A7CB6A98B3F370 /* Pods_WorkOutTrackerTests.framework */,
				5649C1F7D39E1D906324A8CB /* Pods_WorkOutTrackerUITests.framework */,
			);
			name = Frameworks;
			sourceTree = "<group>";
		};
/* End PBXGroup section */

/* Begin PBXNativeTarget section */
		7E2AC9982320118D00221403 /* WorkOutTracker */ = {
			isa = PBXNativeTarget;
			buildConfigurationList = 7E2AC9C12320118D00221403 /* Build configuration list for PBXNativeTarget "WorkOutTracker" */;
			buildPhases = (
				26F5F7AA305D297161880380 /* [CP] Check Pods Manifest.lock */,
				7E2AC9952320118D00221403 /* Sources */,
				7E2AC9962320118D00221403 /* Frameworks */,
				7E2AC9972320118D00221403 /* Resources */,
				A23C2E2964C58AC5BA6BC84F /* [CP] Embed Pods Frameworks */,
			);
			buildRules = (
			);
			dependencies = (
			);
			name = WorkOutTracker;
			productName = WorkOutTracker;
			productReference = 7E2AC9992320118D00221403 /* WorkOutTracker.app */;
			productType = "com.apple.product-type.application";
		};
		7E2AC9AC2320118D00221403 /* WorkOutTrackerTests */ = {
			isa = PBXNativeTarget;
			buildConfigurationList = 7E2AC9C42320118D00221403 /* Build configuration list for PBXNativeTarget "WorkOutTrackerTests" */;
			buildPhases = (
				D88F8C40FC7CB16318CB986C /* [CP] Check Pods Manifest.lock */,
				7E2AC9A92320118D00221403 /* Sources */,
				7E2AC9AA2320118D00221403 /* Frameworks */,
				7E2AC9AB2320118D00221403 /* Resources */,
			);
			buildRules = (
			);
			dependencies = (
				7E2AC9AF2320118D00221403 /* PBXTargetDependency */,
			);
			name = WorkOutTrackerTests;
			productName = WorkOutTrackerTests;
			productReference = 7E2AC9AD2320118D00221403 /* WorkOutTrackerTests.xctest */;
			productType = "com.apple.product-type.bundle.unit-test";
		};
		7E2AC9B72320118D00221403 /* WorkOutTrackerUITests */ = {
			isa = PBXNativeTarget;
			buildConfigurationList = 7E2AC9C72320118D00221403 /* Build configuration list for PBXNativeTarget "WorkOutTrackerUITests" */;
			buildPhases = (
				7224B702FA67CE3AEF8B53A8 /* [CP] Check Pods Manifest.lock */,
				7E2AC9B42320118D00221403 /* Sources */,
				7E2AC9B52320118D00221403 /* Frameworks */,
				7E2AC9B62320118D00221403 /* Resources */,
			);
			buildRules = (
			);
			dependencies = (
				7E2AC9BA2320118D00221403 /* PBXTargetDependency */,
			);
			name = WorkOutTrackerUITests;
			productName = WorkOutTrackerUITests;
			productReference = 7E2AC9B82320118D00221403 /* WorkOutTrackerUITests.xctest */;
			productType = "com.apple.product-type.bundle.ui-testing";
		};
/* End PBXNativeTarget section */

/* Begin PBXProject section */
		7E2AC9912320118D00221403 /* Project object */ = {
			isa = PBXProject;
			attributes = {
				LastSwiftUpdateCheck = 1030;
				LastUpgradeCheck = 1030;
				ORGANIZATIONNAME = "Marco Mendoza";
				TargetAttributes = {
					7E2AC9982320118D00221403 = {
						CreatedOnToolsVersion = 10.3;
					};
					7E2AC9AC2320118D00221403 = {
						CreatedOnToolsVersion = 10.3;
						TestTargetID = 7E2AC9982320118D00221403;
					};
					7E2AC9B72320118D00221403 = {
						CreatedOnToolsVersion = 10.3;
						TestTargetID = 7E2AC9982320118D00221403;
					};
				};
			};
			buildConfigurationList = 7E2AC9942320118D00221403 /* Build configuration list for PBXProject "WorkOutTracker" */;
			compatibilityVersion = "Xcode 9.3";
			developmentRegion = en;
			hasScannedForEncodings = 0;
			knownRegions = (
				en,
				Base,
			);
			mainGroup = 7E2AC9902320118D00221403;
			productRefGroup = 7E2AC99A2320118D00221403 /* Products */;
			projectDirPath = "";
			projectRoot = "";
			targets = (
				7E2AC9982320118D00221403 /* WorkOutTracker */,
				7E2AC9AC2320118D00221403 /* WorkOutTrackerTests */,
				7E2AC9B72320118D00221403 /* WorkOutTrackerUITests */,
			);
		};
/* End PBXProject section */

/* Begin PBXResourcesBuildPhase section */
		7E2AC9972320118D00221403 /* Resources */ = {
			isa = PBXResourcesBuildPhase;
			buildActionMask = 2147483647;
			files = (
				7E2AC9A72320118D00221403 /* LaunchScreen.storyboard in Resources */,
				7E497AAE2338051B0082AA5B /* GoogleService-Info.plist in Resources */,
				7E2AC9A42320118D00221403 /* Assets.xcassets in Resources */,
				7E2AC9A22320118D00221403 /* Main.storyboard in Resources */,
			);
			runOnlyForDeploymentPostprocessing = 0;
		};
		7E2AC9AB2320118D00221403 /* Resources */ = {
			isa = PBXResourcesBuildPhase;
			buildActionMask = 2147483647;
			files = (
			);
			runOnlyForDeploymentPostprocessing = 0;
		};
		7E2AC9B62320118D00221403 /* Resources */ = {
			isa = PBXResourcesBuildPhase;
			buildActionMask = 2147483647;
			files = (
			);
			runOnlyForDeploymentPostprocessing = 0;
		};
/* End PBXResourcesBuildPhase section */

/* Begin PBXShellScriptBuildPhase section */
		26F5F7AA305D297161880380 /* [CP] Check Pods Manifest.lock */ = {
			isa = PBXShellScriptBuildPhase;
			buildActionMask = 2147483647;
			files = (
			);
			inputFileListPaths = (
			);
			inputPaths = (
				"${PODS_PODFILE_DIR_PATH}/Podfile.lock",
				"${PODS_ROOT}/Manifest.lock",
			);
			name = "[CP] Check Pods Manifest.lock";
			outputFileListPaths = (
			);
			outputPaths = (
				"$(DERIVED_FILE_DIR)/Pods-WorkOutTracker-checkManifestLockResult.txt",
			);
			runOnlyForDeploymentPostprocessing = 0;
			shellPath = /bin/sh;
			shellScript = "diff \"${PODS_PODFILE_DIR_PATH}/Podfile.lock\" \"${PODS_ROOT}/Manifest.lock\" > /dev/null\nif [ $? != 0 ] ; then\n    # print error to STDERR\n    echo \"error: The sandbox is not in sync with the Podfile.lock. Run 'pod install' or update your CocoaPods installation.\" >&2\n    exit 1\nfi\n# This output is used by Xcode 'outputs' to avoid re-running this script phase.\necho \"SUCCESS\" > \"${SCRIPT_OUTPUT_FILE_0}\"\n";
			showEnvVarsInLog = 0;
		};
		7224B702FA67CE3AEF8B53A8 /* [CP] Check Pods Manifest.lock */ = {
			isa = PBXShellScriptBuildPhase;
			buildActionMask = 2147483647;
			files = (
			);
			inputFileListPaths = (
			);
			inputPaths = (
				"${PODS_PODFILE_DIR_PATH}/Podfile.lock",
				"${PODS_ROOT}/Manifest.lock",
			);
			name = "[CP] Check Pods Manifest.lock";
			outputFileListPaths = (
			);
			outputPaths = (
				"$(DERIVED_FILE_DIR)/Pods-WorkOutTrackerUITests-checkManifestLockResult.txt",
			);
			runOnlyForDeploymentPostprocessing = 0;
			shellPath = /bin/sh;
			shellScript = "diff \"${PODS_PODFILE_DIR_PATH}/Podfile.lock\" \"${PODS_ROOT}/Manifest.lock\" > /dev/null\nif [ $? != 0 ] ; then\n    # print error to STDERR\n    echo \"error: The sandbox is not in sync with the Podfile.lock. Run 'pod install' or update your CocoaPods installation.\" >&2\n    exit 1\nfi\n# This output is used by Xcode 'outputs' to avoid re-running this script phase.\necho \"SUCCESS\" > \"${SCRIPT_OUTPUT_FILE_0}\"\n";
			showEnvVarsInLog = 0;
		};
		A23C2E2964C58AC5BA6BC84F /* [CP] Embed Pods Frameworks */ = {
			isa = PBXShellScriptBuildPhase;
			buildActionMask = 2147483647;
			files = (
			);
			inputFileListPaths = (
				"${PODS_ROOT}/Target Support Files/Pods-WorkOutTracker/Pods-WorkOutTracker-frameworks-${CONFIGURATION}-input-files.xcfilelist",
			);
			name = "[CP] Embed Pods Frameworks";
			outputFileListPaths = (
				"${PODS_ROOT}/Target Support Files/Pods-WorkOutTracker/Pods-WorkOutTracker-frameworks-${CONFIGURATION}-output-files.xcfilelist",
			);
			runOnlyForDeploymentPostprocessing = 0;
			shellPath = /bin/sh;
			shellScript = "\"${PODS_ROOT}/Target Support Files/Pods-WorkOutTracker/Pods-WorkOutTracker-frameworks.sh\"\n";
			showEnvVarsInLog = 0;
		};
		D88F8C40FC7CB16318CB986C /* [CP] Check Pods Manifest.lock */ = {
			isa = PBXShellScriptBuildPhase;
			buildActionMask = 2147483647;
			files = (
			);
			inputFileListPaths = (
			);
			inputPaths = (
				"${PODS_PODFILE_DIR_PATH}/Podfile.lock",
				"${PODS_ROOT}/Manifest.lock",
			);
			name = "[CP] Check Pods Manifest.lock";
			outputFileListPaths = (
			);
			outputPaths = (
				"$(DERIVED_FILE_DIR)/Pods-WorkOutTrackerTests-checkManifestLockResult.txt",
			);
			runOnlyForDeploymentPostprocessing = 0;
			shellPath = /bin/sh;
			shellScript = "diff \"${PODS_PODFILE_DIR_PATH}/Podfile.lock\" \"${PODS_ROOT}/Manifest.lock\" > /dev/null\nif [ $? != 0 ] ; then\n    # print error to STDERR\n    echo \"error: The sandbox is not in sync with the Podfile.lock. Run 'pod install' or update your CocoaPods installation.\" >&2\n    exit 1\nfi\n# This output is used by Xcode 'outputs' to avoid re-running this script phase.\necho \"SUCCESS\" > \"${SCRIPT_OUTPUT_FILE_0}\"\n";
			showEnvVarsInLog = 0;
		};
/* End PBXShellScriptBuildPhase section */

/* Begin PBXSourcesBuildPhase section */
		7E2AC9952320118D00221403 /* Sources */ = {
			isa = PBXSourcesBuildPhase;
			buildActionMask = 2147483647;
			files = (
				7E2AC99F2320118D00221403 /* WorkoutsViewController.swift in Sources */,
				7EBB8C9C233CBAEA00BCAFDE /* RegisterViewController.swift in Sources */,
				7E2AC99D2320118D00221403 /* AppDelegate.swift in Sources */,
				7EFF29BE233CFD3600E7F35C /* DataWorkouts.swift in Sources */,
				7EB077722320738E00BEA381 /* AddViewController.swift in Sources */,
				7E43320E2337D62000E88B13 /* ItemWorkoutViewController.swift in Sources */,
				7EB07776232073B500BEA381 /* MapViewController.swift in Sources */,
				7EBB8C9F233CC0B000BCAFDE /* Utilities.swift in Sources */,
				7EBB8CA1233CCDE700BCAFDE /* Constants.swift in Sources */,
				7EBB8C98233CBAD000BCAFDE /* HomeViewController.swift in Sources */,
				7EB07774232073A300BEA381 /* HistoryViewController.swift in Sources */,
				7EFDD5052335345A001D05B0 /* Exercise.swift in Sources */,
				7EBB8C9A233CBADC00BCAFDE /* LoginViewController.swift in Sources */,
				7EFDD50323353402001D05B0 /* Workout.swift in Sources */,
			);
			runOnlyForDeploymentPostprocessing = 0;
		};
		7E2AC9A92320118D00221403 /* Sources */ = {
			isa = PBXSourcesBuildPhase;
			buildActionMask = 2147483647;
			files = (
				7E2AC9B22320118D00221403 /* WorkOutTrackerTests.swift in Sources */,
			);
			runOnlyForDeploymentPostprocessing = 0;
		};
		7E2AC9B42320118D00221403 /* Sources */ = {
			isa = PBXSourcesBuildPhase;
			buildActionMask = 2147483647;
			files = (
				7E2AC9BD2320118D00221403 /* WorkOutTrackerUITests.swift in Sources */,
			);
			runOnlyForDeploymentPostprocessing = 0;
		};
/* End PBXSourcesBuildPhase section */

/* Begin PBXTargetDependency section */
		7E2AC9AF2320118D00221403 /* PBXTargetDependency */ = {
			isa = PBXTargetDependency;
			target = 7E2AC9982320118D00221403 /* WorkOutTracker */;
			targetProxy = 7E2AC9AE2320118D00221403 /* PBXContainerItemProxy */;
		};
		7E2AC9BA2320118D00221403 /* PBXTargetDependency */ = {
			isa = PBXTargetDependency;
			target = 7E2AC9982320118D00221403 /* WorkOutTracker */;
			targetProxy = 7E2AC9B92320118D00221403 /* PBXContainerItemProxy */;
		};
/* End PBXTargetDependency section */

/* Begin PBXVariantGroup section */
		7E2AC9A02320118D00221403 /* Main.storyboard */ = {
			isa = PBXVariantGroup;
			children = (
				7E2AC9A12320118D00221403 /* Base */,
			);
			name = Main.storyboard;
			sourceTree = "<group>";
		};
		7E2AC9A52320118D00221403 /* LaunchScreen.storyboard */ = {
			isa = PBXVariantGroup;
			children = (
				7E2AC9A62320118D00221403 /* Base */,
			);
			name = LaunchScreen.storyboard;
			sourceTree = "<group>";
		};
/* End PBXVariantGroup section */

/* Begin XCBuildConfiguration section */
		7E2AC9BF2320118D00221403 /* Debug */ = {
			isa = XCBuildConfiguration;
			buildSettings = {
				ALWAYS_SEARCH_USER_PATHS = NO;
				CLANG_ANALYZER_NONNULL = YES;
				CLANG_ANALYZER_NUMBER_OBJECT_CONVERSION = YES_AGGRESSIVE;
				CLANG_CXX_LANGUAGE_STANDARD = "gnu++14";
				CLANG_CXX_LIBRARY = "libc++";
				CLANG_ENABLE_MODULES = YES;
				CLANG_ENABLE_OBJC_ARC = YES;
				CLANG_ENABLE_OBJC_WEAK = YES;
				CLANG_WARN_BLOCK_CAPTURE_AUTORELEASING = YES;
				CLANG_WARN_BOOL_CONVERSION = YES;
				CLANG_WARN_COMMA = YES;
				CLANG_WARN_CONSTANT_CONVERSION = YES;
				CLANG_WARN_DEPRECATED_OBJC_IMPLEMENTATIONS = YES;
				CLANG_WARN_DIRECT_OBJC_ISA_USAGE = YES_ERROR;
				CLANG_WARN_DOCUMENTATION_COMMENTS = YES;
				CLANG_WARN_EMPTY_BODY = YES;
				CLANG_WARN_ENUM_CONVERSION = YES;
				CLANG_WARN_INFINITE_RECURSION = YES;
				CLANG_WARN_INT_CONVERSION = YES;
				CLANG_WARN_NON_LITERAL_NULL_CONVERSION = YES;
				CLANG_WARN_OBJC_IMPLICIT_RETAIN_SELF = YES;
				CLANG_WARN_OBJC_LITERAL_CONVERSION = YES;
				CLANG_WARN_OBJC_ROOT_CLASS = YES_ERROR;
				CLANG_WARN_RANGE_LOOP_ANALYSIS = YES;
				CLANG_WARN_STRICT_PROTOTYPES = YES;
				CLANG_WARN_SUSPICIOUS_MOVE = YES;
				CLANG_WARN_UNGUARDED_AVAILABILITY = YES_AGGRESSIVE;
				CLANG_WARN_UNREACHABLE_CODE = YES;
				CLANG_WARN__DUPLICATE_METHOD_MATCH = YES;
				CODE_SIGN_IDENTITY = "iPhone Developer";
				COPY_PHASE_STRIP = NO;
				DEBUG_INFORMATION_FORMAT = dwarf;
				ENABLE_STRICT_OBJC_MSGSEND = YES;
				ENABLE_TESTABILITY = YES;
				GCC_C_LANGUAGE_STANDARD = gnu11;
				GCC_DYNAMIC_NO_PIC = NO;
				GCC_NO_COMMON_BLOCKS = YES;
				GCC_OPTIMIZATION_LEVEL = 0;
				GCC_PREPROCESSOR_DEFINITIONS = (
					"DEBUG=1",
					"$(inherited)",
				);
				GCC_WARN_64_TO_32_BIT_CONVERSION = YES;
				GCC_WARN_ABOUT_RETURN_TYPE = YES_ERROR;
				GCC_WARN_UNDECLARED_SELECTOR = YES;
				GCC_WARN_UNINITIALIZED_AUTOS = YES_AGGRESSIVE;
				GCC_WARN_UNUSED_FUNCTION = YES;
				GCC_WARN_UNUSED_VARIABLE = YES;
				IPHONEOS_DEPLOYMENT_TARGET = 12.4;
				MTL_ENABLE_DEBUG_INFO = INCLUDE_SOURCE;
				MTL_FAST_MATH = YES;
				ONLY_ACTIVE_ARCH = YES;
				SDKROOT = iphoneos;
				SWIFT_ACTIVE_COMPILATION_CONDITIONS = DEBUG;
				SWIFT_OPTIMIZATION_LEVEL = "-Onone";
			};
			name = Debug;
		};
		7E2AC9C02320118D00221403 /* Release */ = {
			isa = XCBuildConfiguration;
			buildSettings = {
				ALWAYS_SEARCH_USER_PATHS = NO;
				CLANG_ANALYZER_NONNULL = YES;
				CLANG_ANALYZER_NUMBER_OBJECT_CONVERSION = YES_AGGRESSIVE;
				CLANG_CXX_LANGUAGE_STANDARD = "gnu++14";
				CLANG_CXX_LIBRARY = "libc++";
				CLANG_ENABLE_MODULES = YES;
				CLANG_ENABLE_OBJC_ARC = YES;
				CLANG_ENABLE_OBJC_WEAK = YES;
				CLANG_WARN_BLOCK_CAPTURE_AUTORELEASING = YES;
				CLANG_WARN_BOOL_CONVERSION = YES;
				CLANG_WARN_COMMA = YES;
				CLANG_WARN_CONSTANT_CONVERSION = YES;
				CLANG_WARN_DEPRECATED_OBJC_IMPLEMENTATIONS = YES;
				CLANG_WARN_DIRECT_OBJC_ISA_USAGE = YES_ERROR;
				CLANG_WARN_DOCUMENTATION_COMMENTS = YES;
				CLANG_WARN_EMPTY_BODY = YES;
				CLANG_WARN_ENUM_CONVERSION = YES;
				CLANG_WARN_INFINITE_RECURSION = YES;
				CLANG_WARN_INT_CONVERSION = YES;
				CLANG_WARN_NON_LITERAL_NULL_CONVERSION = YES;
				CLANG_WARN_OBJC_IMPLICIT_RETAIN_SELF = YES;
				CLANG_WARN_OBJC_LITERAL_CONVERSION = YES;
				CLANG_WARN_OBJC_ROOT_CLASS = YES_ERROR;
				CLANG_WARN_RANGE_LOOP_ANALYSIS = YES;
				CLANG_WARN_STRICT_PROTOTYPES = YES;
				CLANG_WARN_SUSPICIOUS_MOVE = YES;
				CLANG_WARN_UNGUARDED_AVAILABILITY = YES_AGGRESSIVE;
				CLANG_WARN_UNREACHABLE_CODE = YES;
				CLANG_WARN__DUPLICATE_METHOD_MATCH = YES;
				CODE_SIGN_IDENTITY = "iPhone Developer";
				COPY_PHASE_STRIP = NO;
				DEBUG_INFORMATION_FORMAT = "dwarf-with-dsym";
				ENABLE_NS_ASSERTIONS = NO;
				ENABLE_STRICT_OBJC_MSGSEND = YES;
				GCC_C_LANGUAGE_STANDARD = gnu11;
				GCC_NO_COMMON_BLOCKS = YES;
				GCC_WARN_64_TO_32_BIT_CONVERSION = YES;
				GCC_WARN_ABOUT_RETURN_TYPE = YES_ERROR;
				GCC_WARN_UNDECLARED_SELECTOR = YES;
				GCC_WARN_UNINITIALIZED_AUTOS = YES_AGGRESSIVE;
				GCC_WARN_UNUSED_FUNCTION = YES;
				GCC_WARN_UNUSED_VARIABLE = YES;
				IPHONEOS_DEPLOYMENT_TARGET = 12.4;
				MTL_ENABLE_DEBUG_INFO = NO;
				MTL_FAST_MATH = YES;
				SDKROOT = iphoneos;
				SWIFT_COMPILATION_MODE = wholemodule;
				SWIFT_OPTIMIZATION_LEVEL = "-O";
				VALIDATE_PRODUCT = YES;
			};
			name = Release;
		};
		7E2AC9C22320118D00221403 /* Debug */ = {
			isa = XCBuildConfiguration;
			baseConfigurationReference = D8DEF5B6E55A2B7BAFA2D477 /* Pods-WorkOutTracker.debug.xcconfig */;
			buildSettings = {
				ASSETCATALOG_COMPILER_APPICON_NAME = AppIcon;
				CODE_SIGN_STYLE = Automatic;
				DEVELOPMENT_TEAM = SX374353D5;
				INFOPLIST_FILE = WorkOutTracker/Info.plist;
				IPHONEOS_DEPLOYMENT_TARGET = 11.0;
				LD_RUNPATH_SEARCH_PATHS = (
					"$(inherited)",
					"@executable_path/Frameworks",
				);
				PRODUCT_BUNDLE_IDENTIFIER = com.marcomendoza.WorkOutTracker;
				PRODUCT_NAME = "$(TARGET_NAME)";
				SWIFT_VERSION = 5.0;
				TARGETED_DEVICE_FAMILY = "1,2";
			};
			name = Debug;
		};
		7E2AC9C32320118D00221403 /* Release */ = {
			isa = XCBuildConfiguration;
			baseConfigurationReference = B4C602E3B58A26741BBA15E6 /* Pods-WorkOutTracker.release.xcconfig */;
			buildSettings = {
				ASSETCATALOG_COMPILER_APPICON_NAME = AppIcon;
				CODE_SIGN_STYLE = Automatic;
				DEVELOPMENT_TEAM = SX374353D5;
				INFOPLIST_FILE = WorkOutTracker/Info.plist;
				IPHONEOS_DEPLOYMENT_TARGET = 11.0;
				LD_RUNPATH_SEARCH_PATHS = (
					"$(inherited)",
					"@executable_path/Frameworks",
				);
				PRODUCT_BUNDLE_IDENTIFIER = com.marcomendoza.WorkOutTracker;
				PRODUCT_NAME = "$(TARGET_NAME)";
				SWIFT_VERSION = 5.0;
				TARGETED_DEVICE_FAMILY = "1,2";
			};
			name = Release;
		};
		7E2AC9C52320118D00221403 /* Debug */ = {
			isa = XCBuildConfiguration;
			baseConfigurationReference = A8CDF89C9CB01D04E556B3A6 /* Pods-WorkOutTrackerTests.debug.xcconfig */;
			buildSettings = {
				ALWAYS_EMBED_SWIFT_STANDARD_LIBRARIES = YES;
				BUNDLE_LOADER = "$(TEST_HOST)";
				CODE_SIGN_STYLE = Automatic;
				INFOPLIST_FILE = WorkOutTrackerTests/Info.plist;
				LD_RUNPATH_SEARCH_PATHS = (
					"$(inherited)",
					"@executable_path/Frameworks",
					"@loader_path/Frameworks",
				);
				PRODUCT_BUNDLE_IDENTIFIER = com.marcomendoza.WorkOutTrackerTests;
				PRODUCT_NAME = "$(TARGET_NAME)";
				SWIFT_VERSION = 5.0;
				TARGETED_DEVICE_FAMILY = "1,2";
				TEST_HOST = "$(BUILT_PRODUCTS_DIR)/WorkOutTracker.app/WorkOutTracker";
			};
			name = Debug;
		};
		7E2AC9C62320118D00221403 /* Release */ = {
			isa = XCBuildConfiguration;
			baseConfigurationReference = 3F133F02EE760E78EB0FE020 /* Pods-WorkOutTrackerTests.release.xcconfig */;
			buildSettings = {
				ALWAYS_EMBED_SWIFT_STANDARD_LIBRARIES = YES;
				BUNDLE_LOADER = "$(TEST_HOST)";
				CODE_SIGN_STYLE = Automatic;
				INFOPLIST_FILE = WorkOutTrackerTests/Info.plist;
				LD_RUNPATH_SEARCH_PATHS = (
					"$(inherited)",
					"@executable_path/Frameworks",
					"@loader_path/Frameworks",
				);
				PRODUCT_BUNDLE_IDENTIFIER = com.marcomendoza.WorkOutTrackerTests;
				PRODUCT_NAME = "$(TARGET_NAME)";
				SWIFT_VERSION = 5.0;
				TARGETED_DEVICE_FAMILY = "1,2";
				TEST_HOST = "$(BUILT_PRODUCTS_DIR)/WorkOutTracker.app/WorkOutTracker";
			};
			name = Release;
		};
		7E2AC9C82320118D00221403 /* Debug */ = {
			isa = XCBuildConfiguration;
			baseConfigurationReference = 477B5B9B9F812350BD9A9728 /* Pods-WorkOutTrackerUITests.debug.xcconfig */;
			buildSettings = {
				ALWAYS_EMBED_SWIFT_STANDARD_LIBRARIES = YES;
				CODE_SIGN_STYLE = Automatic;
				INFOPLIST_FILE = WorkOutTrackerUITests/Info.plist;
				LD_RUNPATH_SEARCH_PATHS = (
					"$(inherited)",
					"@executable_path/Frameworks",
					"@loader_path/Frameworks",
				);
				PRODUCT_BUNDLE_IDENTIFIER = com.marcomendoza.WorkOutTrackerUITests;
				PRODUCT_NAME = "$(TARGET_NAME)";
				SWIFT_VERSION = 5.0;
				TARGETED_DEVICE_FAMILY = "1,2";
				TEST_TARGET_NAME = WorkOutTracker;
			};
			name = Debug;
		};
		7E2AC9C92320118D00221403 /* Release */ = {
			isa = XCBuildConfiguration;
			baseConfigurationReference = 789C8B393D7680CA078AA8C0 /* Pods-WorkOutTrackerUITests.release.xcconfig */;
			buildSettings = {
				ALWAYS_EMBED_SWIFT_STANDARD_LIBRARIES = YES;
				CODE_SIGN_STYLE = Automatic;
				INFOPLIST_FILE = WorkOutTrackerUITests/Info.plist;
				LD_RUNPATH_SEARCH_PATHS = (
					"$(inherited)",
					"@executable_path/Frameworks",
					"@loader_path/Frameworks",
				);
				PRODUCT_BUNDLE_IDENTIFIER = com.marcomendoza.WorkOutTrackerUITests;
				PRODUCT_NAME = "$(TARGET_NAME)";
				SWIFT_VERSION = 5.0;
				TARGETED_DEVICE_FAMILY = "1,2";
				TEST_TARGET_NAME = WorkOutTracker;
			};
			name = Release;
		};
/* End XCBuildConfiguration section */

/* Begin XCConfigurationList section */
		7E2AC9942320118D00221403 /* Build configuration list for PBXProject "WorkOutTracker" */ = {
			isa = XCConfigurationList;
			buildConfigurations = (
				7E2AC9BF2320118D00221403 /* Debug */,
				7E2AC9C02320118D00221403 /* Release */,
			);
			defaultConfigurationIsVisible = 0;
			defaultConfigurationName = Release;
		};
		7E2AC9C12320118D00221403 /* Build configuration list for PBXNativeTarget "WorkOutTracker" */ = {
			isa = XCConfigurationList;
			buildConfigurations = (
				7E2AC9C22320118D00221403 /* Debug */,
				7E2AC9C32320118D00221403 /* Release */,
			);
			defaultConfigurationIsVisible = 0;
			defaultConfigurationName = Release;
		};
		7E2AC9C42320118D00221403 /* Build configuration list for PBXNativeTarget "WorkOutTrackerTests" */ = {
			isa = XCConfigurationList;
			buildConfigurations = (
				7E2AC9C52320118D00221403 /* Debug */,
				7E2AC9C62320118D00221403 /* Release */,
			);
			defaultConfigurationIsVisible = 0;
			defaultConfigurationName = Release;
		};
		7E2AC9C72320118D00221403 /* Build configuration list for PBXNativeTarget "WorkOutTrackerUITests" */ = {
			isa = XCConfigurationList;
			buildConfigurations = (
				7E2AC9C82320118D00221403 /* Debug */,
				7E2AC9C92320118D00221403 /* Release */,
			);
			defaultConfigurationIsVisible = 0;
			defaultConfigurationName = Release;
		};
/* End XCConfigurationList section */
	};
	rootObject = 7E2AC9912320118D00221403 /* Project object */;
}
